{
  "name": "mcp-helm-cloudflare",
  "lockfileVersion": 3,
  "requires": true,
  "packages": {
    "": {
      "name": "mcp-helm-cloudflare",
      "dependencies": {
        "@cloudflare/containers": "^0.1.1"
      },
      "devDependencies": {
        "@cloudflare/workers-types": "^4.20260228.1"
      }
    },
    "node_modules/@cloudflare/containers": {
      "version": "0.1.1",
      "resolved": "https://registry.npmjs.org/@cloudflare/containers/-/containers-0.1.1.tgz",
      "integrity": "sha512-YTdobRTnTlUOUPMFemufH367A9Z8pDfZ+UboYMLbGpO0VlvEXZDiioSmXPQMHld2vRtkL31mcRii3bcbQU6fdw==",
      "license": "ISC"
    },
    "node_modules/@cloudflare/workers-types": {
      "version": "4.20260301.1",
      "resolved": "https://registry.npmjs.org/@cloudflare/workers-types/-/workers-types-4.20260301.1.tgz",
      "integrity": "sha512-klKnECMb5A4GtVF0P5NH6rCjtyjqIEKJaz6kEtx9YPHhfFO2HUEarO+MI4F8WPchgeZqpGlEpDhRapzrOTw51Q==",
      "dev": true,
      "license": "MIT OR Apache-2.0"
    }
  }
}
